
Microsoft Visual Studio Solution File, Format Version 12.00
# Visual Studio Version 17
VisualStudioVersion = 17.7.34024.191
MinimumVisualStudioVersion = 10.0.40219.1
Project("{FAE04EC0-301F-11D3-BF4B-00C04F79EFBC}") = "ToDoList", "ToDoList\ToDoList.csproj", "{665C7E3E-F26F-425A-94B5-27D32177FBD1}"
EndProject
Project("{FAE04EC0-301F-11D3-BF4B-00C04F79EFBC}") = "ToDoList.Core", "ToDoList.Core\ToDoList.Core.csproj", "{BD1028D0-CC47-4992-A2B3-C9339CA72340}"
EndProject
Global
	GlobalSection(SolutionConfigurationPlatforms) = preSolution
		Debug|Any CPU = Debug|Any CPU
		Release|Any CPU = Release|Any CPU
	EndGlobalSection
	GlobalSection(ProjectConfigurationPlatforms) = postSolution
		{665C7E3E-F26F-425A-94B5-27D32177FBD1}.Debug|Any CPU.ActiveCfg = Debug|Any CPU
		{665C7E3E-F26F-425A-94B5-27D32177FBD1}.Debug|Any CPU.Build.0 = Debug|Any CPU
		{665C7E3E-F26F-425A-94B5-27D32177FBD1}.Release|Any CPU.ActiveCfg = Release|Any CPU
		{665C7E3E-F26F-425A-94B5-27D32177FBD1}.Release|Any CPU.Build.0 = Release|Any CPU
		{BD1028D0-CC47-4992-A2B3-C9339CA72340}.Debug|Any CPU.ActiveCfg = Debug|Any CPU
		{BD1028D0-CC47-4992-A2B3-C9339CA72340}.Debug|Any CPU.Build.0 = Debug|Any CPU
		{BD1028D0-CC47-4992-A2B3-C9339CA72340}.Release|Any CPU.ActiveCfg = Release|Any CPU
		{BD1028D0-CC47-4992-A2B3-C9339CA72340}.Release|Any CPU.Build.0 = Release|Any CPU
	EndGlobalSection
	GlobalSection(SolutionProperties) = preSolution
		HideSolutionNode = FALSE
	EndGlobalSection
	GlobalSection(ExtensibilityGlobals) = postSolution
		SolutionGuid = {18AA237B-D5E9-4CCC-AD8E-8FD9798B40A0}
	EndGlobalSection
EndGlobal
